{
  "nodes": {
    "flake-parts": {
      "inputs": {
        "nixpkgs-lib": "nixpkgs-lib"
      },
      "locked": {
        "lastModified": 1743550720,
        "narHash": "sha256-hIshGgKZCgWh6AYJpJmRgFdR3WUbkY04o82X05xqQiY=",
        "owner": "hercules-ci",
        "repo": "flake-parts",
        "rev": "c621e8422220273271f52058f618c94e405bb0f5",
        "type": "github"
      },
      "original": {
        "owner": "hercules-ci",
        "repo": "flake-parts",
        "type": "github"
      }
    },
    "home-manager": {
      "inputs": {
        "nixpkgs": [
          "nixpkgs"
        ]
      },
      "locked": {
        "lastModified": 1747834438,
        "narHash": "sha256-AHJt79W8wADzur2htCx1U8FtEk4XjvrHb9/3iDfNedI=",
        "owner": "nix-community",
        "repo": "home-manager",
        "rev": "6c2eb1e24cd0e76d88bdd633ef4c50d6286586e0",
        "type": "github"
      },
      "original": {
        "owner": "nix-community",
        "repo": "home-manager",
        "type": "github"
      }
    },
    "nix-darwin": {
      "inputs": {
        "nixpkgs": [
          "nixpkgs"
        ]
      },
      "locked": {
        "lastModified": 1747820204,
        "narHash": "sha256-oY/mH8K1LOd+YbO58sw9ORtOdTxy3rR9lvTzOJKVUtA=",
        "owner": "nix-darwin",
        "repo": "nix-darwin",
        "rev": "e2676937faf868111dcea6a4a9cf4b6549907c9d",
        "type": "github"
      },
      "original": {
        "owner": "nix-darwin",
        "repo": "nix-darwin",
        "type": "github"
      }
    },
    "nixos-hardware": {
      "locked": {
        "lastModified": 1747860404,
        "narHash": "sha256-9IMwxC4g1AyhOHTx8iTimoKnyzl9Rk2OJZiDtFoF3pA=",
        "owner": "NixOS",
        "repo": "nixos-hardware",
        "rev": "2b9118883d29290a1b16ae3a12aedc478dae2546",
        "type": "github"
      },
      "original": {
        "owner": "NixOS",
        "repo": "nixos-hardware",
        "type": "github"
      }
    },
    "nixpkgs": {
      "locked": {
        "lastModified": 1747790854,
        "narHash": "sha256-8TpwOtr0T016HNlVuDcDNq4q+GMKfLStOSwdabrz+rk=",
        "owner": "NixOS",
        "repo": "nixpkgs",
        "rev": "f0d925b947cca0bbe7f2d25115cbaf021844aba7",
        "type": "github"
      },
      "original": {
        "owner": "NixOS",
        "ref": "nixpkgs-unstable",
        "repo": "nixpkgs",
        "type": "github"
      }
    },
    "nixpkgs-lib": {
      "locked": {
        "lastModified": 1743296961,
        "narHash": "sha256-b1EdN3cULCqtorQ4QeWgLMrd5ZGOjLSLemfa00heasc=",
        "owner": "nix-community",
        "repo": "nixpkgs.lib",
        "rev": "e4822aea2a6d1cdd36653c134cacfd64c97ff4fa",
        "type": "github"
      },
      "original": {
        "owner": "nix-community",
        "repo": "nixpkgs.lib",
        "type": "github"
      }
    },
    "root": {
      "inputs": {
        "flake-parts": "flake-parts",
        "home-manager": "home-manager",
        "nix-darwin": "nix-darwin",
        "nixos-hardware": "nixos-hardware",
        "nixpkgs": "nixpkgs",
        "secrets": "secrets"
      }
    },
    "secrets": {
      "locked": {
        "lastModified": 1747273403,
        "narHash": "sha256-I/oqbGro8yEUy+62L3Iz2kxFB2T7OoZXKMLUH4zWQVM=",
        "path": "/opt/secrets",
        "type": "path"
      },
      "original": {
        "path": "/opt/secrets",
        "type": "path"
      }
    }
  },
  "root": "root",
  "version": 7
}
